
Microsoft Visual Studio Solution File, Format Version 12.00
# Visual Studio 15
VisualStudioVersion = 15.0.26124.0
MinimumVisualStudioVersion = 15.0.26124.0
Project("{FAE04EC0-301F-11D3-BF4B-00C04F79EFBC}") = "ConvertClient", "ConvertClient\ConvertClient.csproj", "{EB46C1E1-DDC3-4821-9681-89DD215BDF81}"
EndProject
Project("{FAE04EC0-301F-11D3-BF4B-00C04F79EFBC}") = "UnitConverterMVC", "UnitConverterMVC\UnitConverterMVC.csproj", "{A618CFEC-01EC-49F5-B72A-FBFA5C93AD12}"
EndProject
Project("{FAE04EC0-301F-11D3-BF4B-00C04F79EFBC}") = "ConvertLib", "ConvertLib\ConvertLib.csproj", "{903CE6FF-C3EB-43FF-B8DF-9DB4B1C622FD}"
EndProject
Global
	GlobalSection(SolutionConfigurationPlatforms) = preSolution
		Debug|Any CPU = Debug|Any CPU
		Debug|x64 = Debug|x64
		Debug|x86 = Debug|x86
		Release|Any CPU = Release|Any CPU
		Release|x64 = Release|x64
		Release|x86 = Release|x86
	EndGlobalSection
	GlobalSection(SolutionProperties) = preSolution
		HideSolutionNode = FALSE
	EndGlobalSection
	GlobalSection(ProjectConfigurationPlatforms) = postSolution
		{EB46C1E1-DDC3-4821-9681-89DD215BDF81}.Debug|Any CPU.ActiveCfg = Debug|Any CPU
		{EB46C1E1-DDC3-4821-9681-89DD215BDF81}.Debug|Any CPU.Build.0 = Debug|Any CPU
		{EB46C1E1-DDC3-4821-9681-89DD215BDF81}.Debug|x64.ActiveCfg = Debug|Any CPU
		{EB46C1E1-DDC3-4821-9681-89DD215BDF81}.Debug|x64.Build.0 = Debug|Any CPU
		{EB46C1E1-DDC3-4821-9681-89DD215BDF81}.Debug|x86.ActiveCfg = Debug|Any CPU
		{EB46C1E1-DDC3-4821-9681-89DD215BDF81}.Debug|x86.Build.0 = Debug|Any CPU
		{EB46C1E1-DDC3-4821-9681-89DD215BDF81}.Release|Any CPU.ActiveCfg = Release|Any CPU
		{EB46C1E1-DDC3-4821-9681-89DD215BDF81}.Release|Any CPU.Build.0 = Release|Any CPU
		{EB46C1E1-DDC3-4821-9681-89DD215BDF81}.Release|x64.ActiveCfg = Release|Any CPU
		{EB46C1E1-DDC3-4821-9681-89DD215BDF81}.Release|x64.Build.0 = Release|Any CPU
		{EB46C1E1-DDC3-4821-9681-89DD215BDF81}.Release|x86.ActiveCfg = Release|Any CPU
		{EB46C1E1-DDC3-4821-9681-89DD215BDF81}.Release|x86.Build.0 = Release|Any CPU
		{A618CFEC-01EC-49F5-B72A-FBFA5C93AD12}.Debug|Any CPU.ActiveCfg = Debug|Any CPU
		{A618CFEC-01EC-49F5-B72A-FBFA5C93AD12}.Debug|Any CPU.Build.0 = Debug|Any CPU
		{A618CFEC-01EC-49F5-B72A-FBFA5C93AD12}.Debug|x64.ActiveCfg = Debug|Any CPU
		{A618CFEC-01EC-49F5-B72A-FBFA5C93AD12}.Debug|x64.Build.0 = Debug|Any CPU
		{A618CFEC-01EC-49F5-B72A-FBFA5C93AD12}.Debug|x86.ActiveCfg = Debug|Any CPU
		{A618CFEC-01EC-49F5-B72A-FBFA5C93AD12}.Debug|x86.Build.0 = Debug|Any CPU
		{A618CFEC-01EC-49F5-B72A-FBFA5C93AD12}.Release|Any CPU.ActiveCfg = Release|Any CPU
		{A618CFEC-01EC-49F5-B72A-FBFA5C93AD12}.Release|Any CPU.Build.0 = Release|Any CPU
		{A618CFEC-01EC-49F5-B72A-FBFA5C93AD12}.Release|x64.ActiveCfg = Release|Any CPU
		{A618CFEC-01EC-49F5-B72A-FBFA5C93AD12}.Release|x64.Build.0 = Release|Any CPU
		{A618CFEC-01EC-49F5-B72A-FBFA5C93AD12}.Release|x86.ActiveCfg = Release|Any CPU
		{A618CFEC-01EC-49F5-B72A-FBFA5C93AD12}.Release|x86.Build.0 = Release|Any CPU
		{903CE6FF-C3EB-43FF-B8DF-9DB4B1C622FD}.Debug|Any CPU.ActiveCfg = Debug|Any CPU
		{903CE6FF-C3EB-43FF-B8DF-9DB4B1C622FD}.Debug|Any CPU.Build.0 = Debug|Any CPU
		{903CE6FF-C3EB-43FF-B8DF-9DB4B1C622FD}.Debug|x64.ActiveCfg = Debug|Any CPU
		{903CE6FF-C3EB-43FF-B8DF-9DB4B1C622FD}.Debug|x64.Build.0 = Debug|Any CPU
		{903CE6FF-C3EB-43FF-B8DF-9DB4B1C622FD}.Debug|x86.ActiveCfg = Debug|Any CPU
		{903CE6FF-C3EB-43FF-B8DF-9DB4B1C622FD}.Debug|x86.Build.0 = Debug|Any CPU
		{903CE6FF-C3EB-43FF-B8DF-9DB4B1C622FD}.Release|Any CPU.ActiveCfg = Release|Any CPU
		{903CE6FF-C3EB-43FF-B8DF-9DB4B1C622FD}.Release|Any CPU.Build.0 = Release|Any CPU
		{903CE6FF-C3EB-43FF-B8DF-9DB4B1C622FD}.Release|x64.ActiveCfg = Release|Any CPU
		{903CE6FF-C3EB-43FF-B8DF-9DB4B1C622FD}.Release|x64.Build.0 = Release|Any CPU
		{903CE6FF-C3EB-43FF-B8DF-9DB4B1C622FD}.Release|x86.ActiveCfg = Release|Any CPU
		{903CE6FF-C3EB-43FF-B8DF-9DB4B1C622FD}.Release|x86.Build.0 = Release|Any CPU
	EndGlobalSection
EndGlobal
